
Microsoft Visual Studio Solution File, Format Version 12.00
# Visual Studio Version 16
VisualStudioVersion = 16.0.30711.63
MinimumVisualStudioVersion = 10.0.40219.1
Project("{9092AA53-FB77-4645-B42D-1CCCA6BD08BD}") = "wallstreetdocs", "wallstreetdocs\wallstreetdocs.njsproj", "{D187310B-1188-4720-89E0-D8290544C640}"
EndProject
Global
	GlobalSection(SolutionConfigurationPlatforms) = preSolution
		Debug|Any CPU = Debug|Any CPU
		Release|Any CPU = Release|Any CPU
	EndGlobalSection
	GlobalSection(ProjectConfigurationPlatforms) = postSolution
		{D187310B-1188-4720-89E0-D8290544C640}.Debug|Any CPU.ActiveCfg = Debug|Any CPU
		{D187310B-1188-4720-89E0-D8290544C640}.Debug|Any CPU.Build.0 = Debug|Any CPU
		{D187310B-1188-4720-89E0-D8290544C640}.Release|Any CPU.ActiveCfg = Release|Any CPU
		{D187310B-1188-4720-89E0-D8290544C640}.Release|Any CPU.Build.0 = Release|Any CPU
	EndGlobalSection
	GlobalSection(SolutionProperties) = preSolution
		HideSolutionNode = FALSE
	EndGlobalSection
	GlobalSection(ExtensibilityGlobals) = postSolution
		SolutionGuid = {DA6616DE-8557-4C8D-885E-24E8EC9DE3AA}
	EndGlobalSection
EndGlobal
